
Microsoft Visual Studio Solution File, Format Version 12.00
# Visual Studio 15
VisualStudioVersion = 15.0.26430.14
MinimumVisualStudioVersion = 10.0.40219.1
Project("{2150E333-8FDC-42A3-9474-1A3956D46DE8}") = "src", "src", "{AE3E98DB-35C1-42D8-AB6D-DE37189DDAA1}"
EndProject
Project("{2150E333-8FDC-42A3-9474-1A3956D46DE8}") = "Solution Items", "Solution Items", "{1D26002E-3D0A-47FC-A1F7-BC56D11EC5BF}"
	ProjectSection(SolutionItems) = preProject
		global.json = global.json
		docfx\index.md = docfx\index.md
	EndProjectSection
EndProject
Project("{2150E333-8FDC-42A3-9474-1A3956D46DE8}") = "Main", "Main", "{9340B0E0-D3D9-4917-B0AA-093A95183265}"
EndProject
Project("{2150E333-8FDC-42A3-9474-1A3956D46DE8}") = "Heart", "Heart", "{6C32D67C-8272-4A5E-8753-717CE471F4CE}"
EndProject
Project("{2150E333-8FDC-42A3-9474-1A3956D46DE8}") = "Extensions", "Extensions", "{5ED80197-CA50-4599-A281-3977C4857EFC}"
EndProject
Project("{2150E333-8FDC-42A3-9474-1A3956D46DE8}") = "Blog", "Blog", "{9F469D36-2903-4DF6-91FB-2E71746EBE23}"
EndProject
Project("{2150E333-8FDC-42A3-9474-1A3956D46DE8}") = "Customer", "Customer", "{ED12F9FC-9E2C-480F-8FB8-C361C2D625C7}"
EndProject
Project("{9A19103F-16F7-4668-BE54-9A1E7A4F7556}") = "Swastika.Extension.Customer.Application", "src\Swastika.Extension.Customer.Application\Swastika.Extension.Customer.Application.csproj", "{8136A03D-7BD5-44C7-A3C8-2A4FBE070E47}"
EndProject
Project("{9A19103F-16F7-4668-BE54-9A1E7A4F7556}") = "Swastika.Extension.Customer.Domain", "src\Swastika.Extension.Customer.Domain\Swastika.Extension.Customer.Domain.csproj", "{FDD769B6-3EE3-4C6C-870A-1F8286F94DE9}"
EndProject
Project("{9A19103F-16F7-4668-BE54-9A1E7A4F7556}") = "Swastika.Extension.Customer.Infrastructure.Data", "src\Swastika.Extension.Customer.Infrastructure.Data\Swastika.Extension.Customer.Infrastructure.Data.csproj", "{29C730F1-3D97-4602-8F4A-CA6E554FB04C}"
EndProject
Project("{9A19103F-16F7-4668-BE54-9A1E7A4F7556}") = "Swastika.Extension.Customer.UI.Api", "src\Swastika.Extension.Customer.UI.Api\Swastika.Extension.Customer.UI.Api.csproj", "{E464E07A-6788-41DE-9296-F13612D11D0D}"
EndProject
Project("{9A19103F-16F7-4668-BE54-9A1E7A4F7556}") = "Swastika.Extension.Customer", "src\Swastika.Extension.Customer\Swastika.Extension.Customer.csproj", "{86A9E019-8F92-42AA-96B7-D9F45B140161}"
EndProject
Project("{9A19103F-16F7-4668-BE54-9A1E7A4F7556}") = "Swastika.Extension.Blog.Lib", "src\Swastika.Extensions.Blog.Lib\Swastika.Extension.Blog.Lib.csproj", "{EF8A5923-D37B-4603-892D-39D077852B3D}"
EndProject
Project("{9A19103F-16F7-4668-BE54-9A1E7A4F7556}") = "Swastika.Extension.Blog.Web", "src\Swastika.Extensions.Blog.Web\Swastika.Extension.Blog.Web.csproj", "{541D0AF9-0DD9-4689-AABE-7E7EE44320D0}"
EndProject
Project("{9A19103F-16F7-4668-BE54-9A1E7A4F7556}") = "Swastika.Extension.Blog.Api", "src\Swastika.Extension.Blog.Api\Swastika.Extension.Blog.Api.csproj", "{DE84138C-644D-433C-A607-1CB2544BB3C0}"
EndProject
Project("{9A19103F-16F7-4668-BE54-9A1E7A4F7556}") = "Swastika.UI.Api", "src\Swastika.UI.Api\Swastika.UI.Api.csproj", "{E04BBE00-209F-48F2-8E7E-732B3105CB3B}"
EndProject
Project("{9A19103F-16F7-4668-BE54-9A1E7A4F7556}") = "Swastika.UI.Spa", "src\Swastika.UI.Spa\Swastika.UI.Spa.csproj", "{D7C721ED-321C-403D-BB93-A5AAF4398302}"
EndProject
Project("{9A19103F-16F7-4668-BE54-9A1E7A4F7556}") = "Swastika.UI.Site", "src\Swastika.UI.Site\Swastika.UI.Site.csproj", "{8AEB8063-51BC-46AA-98D2-E5DFF84D4178}"
EndProject
Project("{FAE04EC0-301F-11D3-BF4B-00C04F79EFBC}") = "Swastika", "src\Swastika\Swastika.csproj", "{18EA38EF-C48D-42B3-AB18-E15B2E62EF4C}"
EndProject
Global
	GlobalSection(SolutionConfigurationPlatforms) = preSolution
		Debug|Any CPU = Debug|Any CPU
		Release|Any CPU = Release|Any CPU
	EndGlobalSection
	GlobalSection(ProjectConfigurationPlatforms) = postSolution
		{8136A03D-7BD5-44C7-A3C8-2A4FBE070E47}.Debug|Any CPU.ActiveCfg = Debug|Any CPU
		{8136A03D-7BD5-44C7-A3C8-2A4FBE070E47}.Debug|Any CPU.Build.0 = Debug|Any CPU
		{8136A03D-7BD5-44C7-A3C8-2A4FBE070E47}.Release|Any CPU.ActiveCfg = Release|Any CPU
		{8136A03D-7BD5-44C7-A3C8-2A4FBE070E47}.Release|Any CPU.Build.0 = Release|Any CPU
		{FDD769B6-3EE3-4C6C-870A-1F8286F94DE9}.Debug|Any CPU.ActiveCfg = Debug|Any CPU
		{FDD769B6-3EE3-4C6C-870A-1F8286F94DE9}.Debug|Any CPU.Build.0 = Debug|Any CPU
		{FDD769B6-3EE3-4C6C-870A-1F8286F94DE9}.Release|Any CPU.ActiveCfg = Release|Any CPU
		{FDD769B6-3EE3-4C6C-870A-1F8286F94DE9}.Release|Any CPU.Build.0 = Release|Any CPU
		{29C730F1-3D97-4602-8F4A-CA6E554FB04C}.Debug|Any CPU.ActiveCfg = Debug|Any CPU
		{29C730F1-3D97-4602-8F4A-CA6E554FB04C}.Debug|Any CPU.Build.0 = Debug|Any CPU
		{29C730F1-3D97-4602-8F4A-CA6E554FB04C}.Release|Any CPU.ActiveCfg = Release|Any CPU
		{29C730F1-3D97-4602-8F4A-CA6E554FB04C}.Release|Any CPU.Build.0 = Release|Any CPU
		{E464E07A-6788-41DE-9296-F13612D11D0D}.Debug|Any CPU.ActiveCfg = Debug|Any CPU
		{E464E07A-6788-41DE-9296-F13612D11D0D}.Debug|Any CPU.Build.0 = Debug|Any CPU
		{E464E07A-6788-41DE-9296-F13612D11D0D}.Release|Any CPU.ActiveCfg = Release|Any CPU
		{E464E07A-6788-41DE-9296-F13612D11D0D}.Release|Any CPU.Build.0 = Release|Any CPU
		{86A9E019-8F92-42AA-96B7-D9F45B140161}.Debug|Any CPU.ActiveCfg = Debug|Any CPU
		{86A9E019-8F92-42AA-96B7-D9F45B140161}.Debug|Any CPU.Build.0 = Debug|Any CPU
		{86A9E019-8F92-42AA-96B7-D9F45B140161}.Release|Any CPU.ActiveCfg = Release|Any CPU
		{86A9E019-8F92-42AA-96B7-D9F45B140161}.Release|Any CPU.Build.0 = Release|Any CPU
		{EF8A5923-D37B-4603-892D-39D077852B3D}.Debug|Any CPU.ActiveCfg = Debug|Any CPU
		{EF8A5923-D37B-4603-892D-39D077852B3D}.Debug|Any CPU.Build.0 = Debug|Any CPU
		{EF8A5923-D37B-4603-892D-39D077852B3D}.Release|Any CPU.ActiveCfg = Release|Any CPU
		{EF8A5923-D37B-4603-892D-39D077852B3D}.Release|Any CPU.Build.0 = Release|Any CPU
		{541D0AF9-0DD9-4689-AABE-7E7EE44320D0}.Debug|Any CPU.ActiveCfg = Debug|Any CPU
		{541D0AF9-0DD9-4689-AABE-7E7EE44320D0}.Debug|Any CPU.Build.0 = Debug|Any CPU
		{541D0AF9-0DD9-4689-AABE-7E7EE44320D0}.Release|Any CPU.ActiveCfg = Release|Any CPU
		{541D0AF9-0DD9-4689-AABE-7E7EE44320D0}.Release|Any CPU.Build.0 = Release|Any CPU
		{DE84138C-644D-433C-A607-1CB2544BB3C0}.Debug|Any CPU.ActiveCfg = Debug|Any CPU
		{DE84138C-644D-433C-A607-1CB2544BB3C0}.Debug|Any CPU.Build.0 = Debug|Any CPU
		{DE84138C-644D-433C-A607-1CB2544BB3C0}.Release|Any CPU.ActiveCfg = Release|Any CPU
		{DE84138C-644D-433C-A607-1CB2544BB3C0}.Release|Any CPU.Build.0 = Release|Any CPU
		{E04BBE00-209F-48F2-8E7E-732B3105CB3B}.Debug|Any CPU.ActiveCfg = Debug|Any CPU
		{E04BBE00-209F-48F2-8E7E-732B3105CB3B}.Debug|Any CPU.Build.0 = Debug|Any CPU
		{E04BBE00-209F-48F2-8E7E-732B3105CB3B}.Release|Any CPU.ActiveCfg = Release|Any CPU
		{E04BBE00-209F-48F2-8E7E-732B3105CB3B}.Release|Any CPU.Build.0 = Release|Any CPU
		{D7C721ED-321C-403D-BB93-A5AAF4398302}.Debug|Any CPU.ActiveCfg = Debug|Any CPU
		{D7C721ED-321C-403D-BB93-A5AAF4398302}.Debug|Any CPU.Build.0 = Debug|Any CPU
		{D7C721ED-321C-403D-BB93-A5AAF4398302}.Release|Any CPU.ActiveCfg = Release|Any CPU
		{D7C721ED-321C-403D-BB93-A5AAF4398302}.Release|Any CPU.Build.0 = Release|Any CPU
		{8AEB8063-51BC-46AA-98D2-E5DFF84D4178}.Debug|Any CPU.ActiveCfg = Debug|Any CPU
		{8AEB8063-51BC-46AA-98D2-E5DFF84D4178}.Debug|Any CPU.Build.0 = Debug|Any CPU
		{8AEB8063-51BC-46AA-98D2-E5DFF84D4178}.Release|Any CPU.ActiveCfg = Release|Any CPU
		{8AEB8063-51BC-46AA-98D2-E5DFF84D4178}.Release|Any CPU.Build.0 = Release|Any CPU
		{18EA38EF-C48D-42B3-AB18-E15B2E62EF4C}.Debug|Any CPU.ActiveCfg = Debug|Any CPU
		{18EA38EF-C48D-42B3-AB18-E15B2E62EF4C}.Debug|Any CPU.Build.0 = Debug|Any CPU
		{18EA38EF-C48D-42B3-AB18-E15B2E62EF4C}.Release|Any CPU.ActiveCfg = Release|Any CPU
		{18EA38EF-C48D-42B3-AB18-E15B2E62EF4C}.Release|Any CPU.Build.0 = Release|Any CPU
	EndGlobalSection
	GlobalSection(SolutionProperties) = preSolution
		HideSolutionNode = FALSE
	EndGlobalSection
	GlobalSection(NestedProjects) = preSolution
		{9340B0E0-D3D9-4917-B0AA-093A95183265} = {AE3E98DB-35C1-42D8-AB6D-DE37189DDAA1}
		{6C32D67C-8272-4A5E-8753-717CE471F4CE} = {AE3E98DB-35C1-42D8-AB6D-DE37189DDAA1}
		{5ED80197-CA50-4599-A281-3977C4857EFC} = {AE3E98DB-35C1-42D8-AB6D-DE37189DDAA1}
		{9F469D36-2903-4DF6-91FB-2E71746EBE23} = {5ED80197-CA50-4599-A281-3977C4857EFC}
		{ED12F9FC-9E2C-480F-8FB8-C361C2D625C7} = {5ED80197-CA50-4599-A281-3977C4857EFC}
		{8136A03D-7BD5-44C7-A3C8-2A4FBE070E47} = {ED12F9FC-9E2C-480F-8FB8-C361C2D625C7}
		{FDD769B6-3EE3-4C6C-870A-1F8286F94DE9} = {ED12F9FC-9E2C-480F-8FB8-C361C2D625C7}
		{29C730F1-3D97-4602-8F4A-CA6E554FB04C} = {ED12F9FC-9E2C-480F-8FB8-C361C2D625C7}
		{E464E07A-6788-41DE-9296-F13612D11D0D} = {ED12F9FC-9E2C-480F-8FB8-C361C2D625C7}
		{86A9E019-8F92-42AA-96B7-D9F45B140161} = {ED12F9FC-9E2C-480F-8FB8-C361C2D625C7}
		{EF8A5923-D37B-4603-892D-39D077852B3D} = {9F469D36-2903-4DF6-91FB-2E71746EBE23}
		{541D0AF9-0DD9-4689-AABE-7E7EE44320D0} = {9F469D36-2903-4DF6-91FB-2E71746EBE23}
		{DE84138C-644D-433C-A607-1CB2544BB3C0} = {9F469D36-2903-4DF6-91FB-2E71746EBE23}
		{E04BBE00-209F-48F2-8E7E-732B3105CB3B} = {9340B0E0-D3D9-4917-B0AA-093A95183265}
		{D7C721ED-321C-403D-BB93-A5AAF4398302} = {9340B0E0-D3D9-4917-B0AA-093A95183265}
		{8AEB8063-51BC-46AA-98D2-E5DFF84D4178} = {9340B0E0-D3D9-4917-B0AA-093A95183265}
		{18EA38EF-C48D-42B3-AB18-E15B2E62EF4C} = {6C32D67C-8272-4A5E-8753-717CE471F4CE}
	EndGlobalSection
EndGlobal
