{
  "requires": true,
  "lockfileVersion": 1,
  "dependencies": {
    "angular2-localstorage": {
      "version": "0.4.0",
      "resolved": "https://registry.npmjs.org/angular2-localstorage/-/angular2-localstorage-0.4.0.tgz",
      "integrity": "sha1-CkTPXRnMfrtieOPkgX0K4DnBa/A="
    },
    "class-transformer": {
      "version": "0.1.8",
      "resolved": "https://registry.npmjs.org/class-transformer/-/class-transformer-0.1.8.tgz",
      "integrity": "sha512-qniRyjtvDPEXFspXfjrYerYy75pqwOIN4IUf2/MPHzZ3zVB7Cssq7dKSNZzEp6G1DH8tDk5gKY+KFxtlkf03qQ=="
    }
  }
}
