
Microsoft Visual Studio Solution File, Format Version 12.00
# Visual Studio 15
VisualStudioVersion = 15.0.27004.2006
MinimumVisualStudioVersion = 10.0.40219.1
Project("{9A19103F-16F7-4668-BE54-9A1E7A4F7556}") = "Swastika.IO.Core", "Swastika.IO.Core\Swastika.IO.Core.csproj", "{8A86B290-1957-4D92-A24C-B7B5DD7B025C}"
EndProject
Project("{9A19103F-16F7-4668-BE54-9A1E7A4F7556}") = "Swastika.IO.Core.Lib", "Swastika.IO.Core.Lib\Swastika.IO.Core.Lib.csproj", "{4D11C3D3-A136-4C88-85DA-D45DD38FEF47}"
EndProject
Project("{9A19103F-16F7-4668-BE54-9A1E7A4F7556}") = "Swastika.IO.Cms.Lib", "Swastika.Cms.Lib\Swastika.IO.Cms.Lib.csproj", "{52DD88D7-CE01-494B-9219-3D5EA67B8AF3}"
EndProject
Project("{9A19103F-16F7-4668-BE54-9A1E7A4F7556}") = "Swastka.IO.Cms.Api", "Swastka.Cms.Api\Swastka.IO.Cms.Api.csproj", "{FCD5568D-56D1-482C-B36D-B38AA4ECB890}"
EndProject
Project("{9A19103F-16F7-4668-BE54-9A1E7A4F7556}") = "Swastika.IO", "..\..\Swastika-Heart\src\Swastika.IO\Swastika.IO.csproj", "{672C5B3A-0F7C-494A-820F-73B5DB8A9B4A}"
EndProject
Project("{9A19103F-16F7-4668-BE54-9A1E7A4F7556}") = "Swastika.IO.Identity", "..\..\Swastika-Identity\src\Swastika.IO.Identity\Swastika.IO.Identity.csproj", "{136F0E3D-1F88-4353-8DEE-57A7B88750D5}"
EndProject
Project("{9A19103F-16F7-4668-BE54-9A1E7A4F7556}") = "ASPNETCoreAngularJWT", "..\..\..\Tutorial\ASPNETcoreAngularJWT\ASPNETCoreAngularJWT.csproj", "{8CFEE743-B8E9-4BE9-961E-E9B84DA08603}"
EndProject
Global
	GlobalSection(SolutionConfigurationPlatforms) = preSolution
		Debug|Any CPU = Debug|Any CPU
		Release|Any CPU = Release|Any CPU
	EndGlobalSection
	GlobalSection(ProjectConfigurationPlatforms) = postSolution
		{8A86B290-1957-4D92-A24C-B7B5DD7B025C}.Debug|Any CPU.ActiveCfg = Debug|Any CPU
		{8A86B290-1957-4D92-A24C-B7B5DD7B025C}.Debug|Any CPU.Build.0 = Debug|Any CPU
		{8A86B290-1957-4D92-A24C-B7B5DD7B025C}.Release|Any CPU.ActiveCfg = Release|Any CPU
		{8A86B290-1957-4D92-A24C-B7B5DD7B025C}.Release|Any CPU.Build.0 = Release|Any CPU
		{4D11C3D3-A136-4C88-85DA-D45DD38FEF47}.Debug|Any CPU.ActiveCfg = Debug|Any CPU
		{4D11C3D3-A136-4C88-85DA-D45DD38FEF47}.Debug|Any CPU.Build.0 = Debug|Any CPU
		{4D11C3D3-A136-4C88-85DA-D45DD38FEF47}.Release|Any CPU.ActiveCfg = Release|Any CPU
		{4D11C3D3-A136-4C88-85DA-D45DD38FEF47}.Release|Any CPU.Build.0 = Release|Any CPU
		{52DD88D7-CE01-494B-9219-3D5EA67B8AF3}.Debug|Any CPU.ActiveCfg = Debug|Any CPU
		{52DD88D7-CE01-494B-9219-3D5EA67B8AF3}.Debug|Any CPU.Build.0 = Debug|Any CPU
		{52DD88D7-CE01-494B-9219-3D5EA67B8AF3}.Release|Any CPU.ActiveCfg = Release|Any CPU
		{52DD88D7-CE01-494B-9219-3D5EA67B8AF3}.Release|Any CPU.Build.0 = Release|Any CPU
		{FCD5568D-56D1-482C-B36D-B38AA4ECB890}.Debug|Any CPU.ActiveCfg = Debug|Any CPU
		{FCD5568D-56D1-482C-B36D-B38AA4ECB890}.Debug|Any CPU.Build.0 = Debug|Any CPU
		{FCD5568D-56D1-482C-B36D-B38AA4ECB890}.Release|Any CPU.ActiveCfg = Release|Any CPU
		{FCD5568D-56D1-482C-B36D-B38AA4ECB890}.Release|Any CPU.Build.0 = Release|Any CPU
		{672C5B3A-0F7C-494A-820F-73B5DB8A9B4A}.Debug|Any CPU.ActiveCfg = Debug|Any CPU
		{672C5B3A-0F7C-494A-820F-73B5DB8A9B4A}.Debug|Any CPU.Build.0 = Debug|Any CPU
		{672C5B3A-0F7C-494A-820F-73B5DB8A9B4A}.Release|Any CPU.ActiveCfg = Release|Any CPU
		{672C5B3A-0F7C-494A-820F-73B5DB8A9B4A}.Release|Any CPU.Build.0 = Release|Any CPU
		{136F0E3D-1F88-4353-8DEE-57A7B88750D5}.Debug|Any CPU.ActiveCfg = Debug|Any CPU
		{136F0E3D-1F88-4353-8DEE-57A7B88750D5}.Debug|Any CPU.Build.0 = Debug|Any CPU
		{136F0E3D-1F88-4353-8DEE-57A7B88750D5}.Release|Any CPU.ActiveCfg = Release|Any CPU
		{136F0E3D-1F88-4353-8DEE-57A7B88750D5}.Release|Any CPU.Build.0 = Release|Any CPU
		{8CFEE743-B8E9-4BE9-961E-E9B84DA08603}.Debug|Any CPU.ActiveCfg = Debug|Any CPU
		{8CFEE743-B8E9-4BE9-961E-E9B84DA08603}.Debug|Any CPU.Build.0 = Debug|Any CPU
		{8CFEE743-B8E9-4BE9-961E-E9B84DA08603}.Release|Any CPU.ActiveCfg = Release|Any CPU
		{8CFEE743-B8E9-4BE9-961E-E9B84DA08603}.Release|Any CPU.Build.0 = Release|Any CPU
	EndGlobalSection
	GlobalSection(SolutionProperties) = preSolution
		HideSolutionNode = FALSE
	EndGlobalSection
	GlobalSection(ExtensibilityGlobals) = postSolution
		SolutionGuid = {07795DAD-40EE-4909-A6F5-320D6B0D3B54}
	EndGlobalSection
EndGlobal
