
Microsoft Visual Studio Solution File, Format Version 12.00
# Visual Studio 15
VisualStudioVersion = 15.0.26730.16
MinimumVisualStudioVersion = 10.0.40219.1
Project("{FAE04EC0-301F-11D3-BF4B-00C04F79EFBC}") = "Swastika.IO.Core", "Swastika.IO.Core\Swastika.IO.Core.csproj", "{8A86B290-1957-4D92-A24C-B7B5DD7B025C}"
EndProject
Project("{FAE04EC0-301F-11D3-BF4B-00C04F79EFBC}") = "Swastika.IO.Core.Lib", "Swastika.IO.Core.Lib\Swastika.IO.Core.Lib.csproj", "{4D11C3D3-A136-4C88-85DA-D45DD38FEF47}"
EndProject
Global
	GlobalSection(SolutionConfigurationPlatforms) = preSolution
		Debug|Any CPU = Debug|Any CPU
		Release|Any CPU = Release|Any CPU
	EndGlobalSection
	GlobalSection(ProjectConfigurationPlatforms) = postSolution
		{8A86B290-1957-4D92-A24C-B7B5DD7B025C}.Debug|Any CPU.ActiveCfg = Debug|Any CPU
		{8A86B290-1957-4D92-A24C-B7B5DD7B025C}.Debug|Any CPU.Build.0 = Debug|Any CPU
		{8A86B290-1957-4D92-A24C-B7B5DD7B025C}.Release|Any CPU.ActiveCfg = Release|Any CPU
		{8A86B290-1957-4D92-A24C-B7B5DD7B025C}.Release|Any CPU.Build.0 = Release|Any CPU
		{4D11C3D3-A136-4C88-85DA-D45DD38FEF47}.Debug|Any CPU.ActiveCfg = Debug|Any CPU
		{4D11C3D3-A136-4C88-85DA-D45DD38FEF47}.Debug|Any CPU.Build.0 = Debug|Any CPU
		{4D11C3D3-A136-4C88-85DA-D45DD38FEF47}.Release|Any CPU.ActiveCfg = Release|Any CPU
		{4D11C3D3-A136-4C88-85DA-D45DD38FEF47}.Release|Any CPU.Build.0 = Release|Any CPU
	EndGlobalSection
	GlobalSection(SolutionProperties) = preSolution
		HideSolutionNode = FALSE
	EndGlobalSection
	GlobalSection(ExtensibilityGlobals) = postSolution
		SolutionGuid = {07795DAD-40EE-4909-A6F5-320D6B0D3B54}
	EndGlobalSection
EndGlobal
