
Microsoft Visual Studio Solution File, Format Version 12.00
# Visual Studio 15
VisualStudioVersion = 15.0.27130.2036
MinimumVisualStudioVersion = 10.0.40219.1
Project("{9A19103F-16F7-4668-BE54-9A1E7A4F7556}") = "Swastika.Cms.Lib", "Swastika.Cms.Lib\Swastika.Cms.Lib.csproj", "{52DD88D7-CE01-494B-9219-3D5EA67B8AF3}"
EndProject
Project("{9A19103F-16F7-4668-BE54-9A1E7A4F7556}") = "Swastka.Cms.Api", "Swastka.Cms.Api\Swastka.Cms.Api.csproj", "{FCD5568D-56D1-482C-B36D-B38AA4ECB890}"
EndProject
Project("{2150E333-8FDC-42A3-9474-1A3956D46DE8}") = "Cms", "Cms", "{7995F1E6-D8C1-4E09-BB44-056740F208E6}"
EndProject
Project("{9A19103F-16F7-4668-BE54-9A1E7A4F7556}") = "Swastika.Cms.Web.Mvc", "Swastika.Cms.Web.Mvc\Swastika.Cms.Web.Mvc.csproj", "{8421C37A-6FA8-44C9-B08D-A9EA28BF8884}"
EndProject
Project("{2150E333-8FDC-42A3-9474-1A3956D46DE8}") = "Core", "Core", "{96B08E7C-A426-437C-96BA-1A2DF11FD135}"
EndProject
Project("{9A19103F-16F7-4668-BE54-9A1E7A4F7556}") = "Swastika", "..\..\Swastika-Heart\src\Swastika\Swastika.csproj", "{289DFF6B-C944-4005-83BC-10DCC6420A1E}"
EndProject
Project("{9A19103F-16F7-4668-BE54-9A1E7A4F7556}") = "Swastika.Identity", "..\..\Swastika-Identity\src\Swastika.Identity\Swastika.Identity.csproj", "{73786840-58D8-447F-B2F6-D90F751651FC}"
EndProject
Global
	GlobalSection(SolutionConfigurationPlatforms) = preSolution
		Debug|Any CPU = Debug|Any CPU
		Release|Any CPU = Release|Any CPU
	EndGlobalSection
	GlobalSection(ProjectConfigurationPlatforms) = postSolution
		{52DD88D7-CE01-494B-9219-3D5EA67B8AF3}.Debug|Any CPU.ActiveCfg = Debug|Any CPU
		{52DD88D7-CE01-494B-9219-3D5EA67B8AF3}.Debug|Any CPU.Build.0 = Debug|Any CPU
		{52DD88D7-CE01-494B-9219-3D5EA67B8AF3}.Release|Any CPU.ActiveCfg = Release|Any CPU
		{52DD88D7-CE01-494B-9219-3D5EA67B8AF3}.Release|Any CPU.Build.0 = Release|Any CPU
		{FCD5568D-56D1-482C-B36D-B38AA4ECB890}.Debug|Any CPU.ActiveCfg = Debug|Any CPU
		{FCD5568D-56D1-482C-B36D-B38AA4ECB890}.Debug|Any CPU.Build.0 = Debug|Any CPU
		{FCD5568D-56D1-482C-B36D-B38AA4ECB890}.Release|Any CPU.ActiveCfg = Release|Any CPU
		{FCD5568D-56D1-482C-B36D-B38AA4ECB890}.Release|Any CPU.Build.0 = Release|Any CPU
		{8421C37A-6FA8-44C9-B08D-A9EA28BF8884}.Debug|Any CPU.ActiveCfg = Debug|Any CPU
		{8421C37A-6FA8-44C9-B08D-A9EA28BF8884}.Debug|Any CPU.Build.0 = Debug|Any CPU
		{8421C37A-6FA8-44C9-B08D-A9EA28BF8884}.Release|Any CPU.ActiveCfg = Release|Any CPU
		{8421C37A-6FA8-44C9-B08D-A9EA28BF8884}.Release|Any CPU.Build.0 = Release|Any CPU
		{289DFF6B-C944-4005-83BC-10DCC6420A1E}.Debug|Any CPU.ActiveCfg = Debug|Any CPU
		{289DFF6B-C944-4005-83BC-10DCC6420A1E}.Debug|Any CPU.Build.0 = Debug|Any CPU
		{289DFF6B-C944-4005-83BC-10DCC6420A1E}.Release|Any CPU.ActiveCfg = Release|Any CPU
		{289DFF6B-C944-4005-83BC-10DCC6420A1E}.Release|Any CPU.Build.0 = Release|Any CPU
		{73786840-58D8-447F-B2F6-D90F751651FC}.Debug|Any CPU.ActiveCfg = Debug|Any CPU
		{73786840-58D8-447F-B2F6-D90F751651FC}.Debug|Any CPU.Build.0 = Debug|Any CPU
		{73786840-58D8-447F-B2F6-D90F751651FC}.Release|Any CPU.ActiveCfg = Release|Any CPU
		{73786840-58D8-447F-B2F6-D90F751651FC}.Release|Any CPU.Build.0 = Release|Any CPU
	EndGlobalSection
	GlobalSection(SolutionProperties) = preSolution
		HideSolutionNode = FALSE
	EndGlobalSection
	GlobalSection(NestedProjects) = preSolution
		{52DD88D7-CE01-494B-9219-3D5EA67B8AF3} = {7995F1E6-D8C1-4E09-BB44-056740F208E6}
		{FCD5568D-56D1-482C-B36D-B38AA4ECB890} = {7995F1E6-D8C1-4E09-BB44-056740F208E6}
		{8421C37A-6FA8-44C9-B08D-A9EA28BF8884} = {7995F1E6-D8C1-4E09-BB44-056740F208E6}
		{289DFF6B-C944-4005-83BC-10DCC6420A1E} = {96B08E7C-A426-437C-96BA-1A2DF11FD135}
		{73786840-58D8-447F-B2F6-D90F751651FC} = {96B08E7C-A426-437C-96BA-1A2DF11FD135}
	EndGlobalSection
	GlobalSection(ExtensibilityGlobals) = postSolution
		SolutionGuid = {07795DAD-40EE-4909-A6F5-320D6B0D3B54}
	EndGlobalSection
EndGlobal
