
Microsoft Visual Studio Solution File, Format Version 12.00
# Visual Studio 15
VisualStudioVersion = 15.0.27130.2010
MinimumVisualStudioVersion = 10.0.40219.1
Project("{9A19103F-16F7-4668-BE54-9A1E7A4F7556}") = "Swastika.IO.Core", "Swastika.IO.Core\Swastika.IO.Core.csproj", "{8A86B290-1957-4D92-A24C-B7B5DD7B025C}"
EndProject
Project("{9A19103F-16F7-4668-BE54-9A1E7A4F7556}") = "Swastika.IO.Core.Lib", "Swastika.IO.Core.Lib\Swastika.IO.Core.Lib.csproj", "{4D11C3D3-A136-4C88-85DA-D45DD38FEF47}"
EndProject
Project("{9A19103F-16F7-4668-BE54-9A1E7A4F7556}") = "Swastika.IO.Cms.Lib", "Swastika.Cms.Lib\Swastika.IO.Cms.Lib.csproj", "{52DD88D7-CE01-494B-9219-3D5EA67B8AF3}"
EndProject
Project("{9A19103F-16F7-4668-BE54-9A1E7A4F7556}") = "Swastka.IO.Cms.Api", "Swastka.Cms.Api\Swastka.IO.Cms.Api.csproj", "{FCD5568D-56D1-482C-B36D-B38AA4ECB890}"
EndProject
Project("{9A19103F-16F7-4668-BE54-9A1E7A4F7556}") = "Swastika.IO", "..\..\Swastika-Heart\src\Swastika.IO\Swastika.IO.csproj", "{672C5B3A-0F7C-494A-820F-73B5DB8A9B4A}"
EndProject
Project("{9A19103F-16F7-4668-BE54-9A1E7A4F7556}") = "Swastika.IO.Identity", "..\..\Swastika-Identity\src\Swastika.IO.Identity\Swastika.IO.Identity.csproj", "{B815C151-FEF2-429B-9460-B3D5883AFA5D}"
EndProject
Project("{2150E333-8FDC-42A3-9474-1A3956D46DE8}") = "Cms", "Cms", "{7995F1E6-D8C1-4E09-BB44-056740F208E6}"
EndProject
Project("{2150E333-8FDC-42A3-9474-1A3956D46DE8}") = "Core", "Core", "{567A1BBC-8230-4B63-B6E2-073C8C8D59D1}"
EndProject
Project("{2150E333-8FDC-42A3-9474-1A3956D46DE8}") = "Messenger", "Messenger", "{B89D1A22-54AC-4A14-9285-CE2AF91B50EB}"
EndProject
Project("{FAE04EC0-301F-11D3-BF4B-00C04F79EFBC}") = "Swastika.Messenger.Lib", "Swastika.Messenger.Lib\Swastika.Messenger.Lib.csproj", "{DAF85CD3-B805-4EF2-A57B-635D056BD108}"
EndProject
Project("{FAE04EC0-301F-11D3-BF4B-00C04F79EFBC}") = "Swastika.Cms.Web.Mvc", "Swastika.Cms.Web.Mvc\Swastika.Cms.Web.Mvc.csproj", "{8421C37A-6FA8-44C9-B08D-A9EA28BF8884}"
EndProject
Project("{9A19103F-16F7-4668-BE54-9A1E7A4F7556}") = "Swastika.Cms.Mvc", "Swastika.Cms.Mvc\Swastika.Cms.Mvc.csproj", "{1E9E965B-056B-43D7-8ACC-7BDA4FFD7EF4}"
EndProject
Global
	GlobalSection(SolutionConfigurationPlatforms) = preSolution
		Debug|Any CPU = Debug|Any CPU
		Release|Any CPU = Release|Any CPU
	EndGlobalSection
	GlobalSection(ProjectConfigurationPlatforms) = postSolution
		{8A86B290-1957-4D92-A24C-B7B5DD7B025C}.Debug|Any CPU.ActiveCfg = Debug|Any CPU
		{8A86B290-1957-4D92-A24C-B7B5DD7B025C}.Debug|Any CPU.Build.0 = Debug|Any CPU
		{8A86B290-1957-4D92-A24C-B7B5DD7B025C}.Release|Any CPU.ActiveCfg = Release|Any CPU
		{8A86B290-1957-4D92-A24C-B7B5DD7B025C}.Release|Any CPU.Build.0 = Release|Any CPU
		{4D11C3D3-A136-4C88-85DA-D45DD38FEF47}.Debug|Any CPU.ActiveCfg = Debug|Any CPU
		{4D11C3D3-A136-4C88-85DA-D45DD38FEF47}.Debug|Any CPU.Build.0 = Debug|Any CPU
		{4D11C3D3-A136-4C88-85DA-D45DD38FEF47}.Release|Any CPU.ActiveCfg = Release|Any CPU
		{4D11C3D3-A136-4C88-85DA-D45DD38FEF47}.Release|Any CPU.Build.0 = Release|Any CPU
		{52DD88D7-CE01-494B-9219-3D5EA67B8AF3}.Debug|Any CPU.ActiveCfg = Debug|Any CPU
		{52DD88D7-CE01-494B-9219-3D5EA67B8AF3}.Debug|Any CPU.Build.0 = Debug|Any CPU
		{52DD88D7-CE01-494B-9219-3D5EA67B8AF3}.Release|Any CPU.ActiveCfg = Release|Any CPU
		{52DD88D7-CE01-494B-9219-3D5EA67B8AF3}.Release|Any CPU.Build.0 = Release|Any CPU
		{FCD5568D-56D1-482C-B36D-B38AA4ECB890}.Debug|Any CPU.ActiveCfg = Debug|Any CPU
		{FCD5568D-56D1-482C-B36D-B38AA4ECB890}.Debug|Any CPU.Build.0 = Debug|Any CPU
		{FCD5568D-56D1-482C-B36D-B38AA4ECB890}.Release|Any CPU.ActiveCfg = Release|Any CPU
		{FCD5568D-56D1-482C-B36D-B38AA4ECB890}.Release|Any CPU.Build.0 = Release|Any CPU
		{672C5B3A-0F7C-494A-820F-73B5DB8A9B4A}.Debug|Any CPU.ActiveCfg = Debug|Any CPU
		{672C5B3A-0F7C-494A-820F-73B5DB8A9B4A}.Debug|Any CPU.Build.0 = Debug|Any CPU
		{672C5B3A-0F7C-494A-820F-73B5DB8A9B4A}.Release|Any CPU.ActiveCfg = Release|Any CPU
		{672C5B3A-0F7C-494A-820F-73B5DB8A9B4A}.Release|Any CPU.Build.0 = Release|Any CPU
		{B815C151-FEF2-429B-9460-B3D5883AFA5D}.Debug|Any CPU.ActiveCfg = Debug|Any CPU
		{B815C151-FEF2-429B-9460-B3D5883AFA5D}.Debug|Any CPU.Build.0 = Debug|Any CPU
		{B815C151-FEF2-429B-9460-B3D5883AFA5D}.Release|Any CPU.ActiveCfg = Release|Any CPU
		{B815C151-FEF2-429B-9460-B3D5883AFA5D}.Release|Any CPU.Build.0 = Release|Any CPU
		{DAF85CD3-B805-4EF2-A57B-635D056BD108}.Debug|Any CPU.ActiveCfg = Debug|Any CPU
		{DAF85CD3-B805-4EF2-A57B-635D056BD108}.Debug|Any CPU.Build.0 = Debug|Any CPU
		{DAF85CD3-B805-4EF2-A57B-635D056BD108}.Release|Any CPU.ActiveCfg = Release|Any CPU
		{DAF85CD3-B805-4EF2-A57B-635D056BD108}.Release|Any CPU.Build.0 = Release|Any CPU
		{8421C37A-6FA8-44C9-B08D-A9EA28BF8884}.Debug|Any CPU.ActiveCfg = Debug|Any CPU
		{8421C37A-6FA8-44C9-B08D-A9EA28BF8884}.Debug|Any CPU.Build.0 = Debug|Any CPU
		{8421C37A-6FA8-44C9-B08D-A9EA28BF8884}.Release|Any CPU.ActiveCfg = Release|Any CPU
		{8421C37A-6FA8-44C9-B08D-A9EA28BF8884}.Release|Any CPU.Build.0 = Release|Any CPU
		{1E9E965B-056B-43D7-8ACC-7BDA4FFD7EF4}.Debug|Any CPU.ActiveCfg = Debug|Any CPU
		{1E9E965B-056B-43D7-8ACC-7BDA4FFD7EF4}.Debug|Any CPU.Build.0 = Debug|Any CPU
		{1E9E965B-056B-43D7-8ACC-7BDA4FFD7EF4}.Release|Any CPU.ActiveCfg = Release|Any CPU
		{1E9E965B-056B-43D7-8ACC-7BDA4FFD7EF4}.Release|Any CPU.Build.0 = Release|Any CPU
	EndGlobalSection
	GlobalSection(SolutionProperties) = preSolution
		HideSolutionNode = FALSE
	EndGlobalSection
	GlobalSection(NestedProjects) = preSolution
		{52DD88D7-CE01-494B-9219-3D5EA67B8AF3} = {7995F1E6-D8C1-4E09-BB44-056740F208E6}
		{FCD5568D-56D1-482C-B36D-B38AA4ECB890} = {7995F1E6-D8C1-4E09-BB44-056740F208E6}
		{672C5B3A-0F7C-494A-820F-73B5DB8A9B4A} = {567A1BBC-8230-4B63-B6E2-073C8C8D59D1}
		{B815C151-FEF2-429B-9460-B3D5883AFA5D} = {567A1BBC-8230-4B63-B6E2-073C8C8D59D1}
		{DAF85CD3-B805-4EF2-A57B-635D056BD108} = {B89D1A22-54AC-4A14-9285-CE2AF91B50EB}
		{8421C37A-6FA8-44C9-B08D-A9EA28BF8884} = {7995F1E6-D8C1-4E09-BB44-056740F208E6}
		{1E9E965B-056B-43D7-8ACC-7BDA4FFD7EF4} = {7995F1E6-D8C1-4E09-BB44-056740F208E6}
	EndGlobalSection
	GlobalSection(ExtensibilityGlobals) = postSolution
		SolutionGuid = {07795DAD-40EE-4909-A6F5-320D6B0D3B54}
	EndGlobalSection
EndGlobal
